
Microsoft Visual Studio Solution File, Format Version 12.00
# Visual Studio 15
VisualStudioVersion = 15.0.27703.2042
MinimumVisualStudioVersion = 10.0.40219.1
Project("{8BC9CEB8-8B4A-11D0-8D11-00A0C91BC942}") = "BarnesHutGalaxy", "BarnesHutGalaxy\BarnesHutGalaxy.vcxproj", "{5786F1D8-C87F-43A7-AD7D-44959421DF45}"
EndProject
Global
	GlobalSection(SolutionConfigurationPlatforms) = preSolution
		Debug|x64 = Debug|x64
		Debug|x86 = Debug|x86
		Release|x64 = Release|x64
		Release|x86 = Release|x86
	EndGlobalSection
	GlobalSection(ProjectConfigurationPlatforms) = postSolution
		{5786F1D8-C87F-43A7-AD7D-44959421DF45}.Debug|x64.ActiveCfg = Debug|x64
		{5786F1D8-C87F-43A7-AD7D-44959421DF45}.Debug|x64.Build.0 = Debug|x64
		{5786F1D8-C87F-43A7-AD7D-44959421DF45}.Debug|x86.ActiveCfg = Debug|Win32
		{5786F1D8-C87F-43A7-AD7D-44959421DF45}.Debug|x86.Build.0 = Debug|Win32
		{5786F1D8-C87F-43A7-AD7D-44959421DF45}.Release|x64.ActiveCfg = Release|x64
		{5786F1D8-C87F-43A7-AD7D-44959421DF45}.Release|x64.Build.0 = Release|x64
		{5786F1D8-C87F-43A7-AD7D-44959421DF45}.Release|x86.ActiveCfg = Release|Win32
		{5786F1D8-C87F-43A7-AD7D-44959421DF45}.Release|x86.Build.0 = Release|Win32
	EndGlobalSection
	GlobalSection(SolutionProperties) = preSolution
		HideSolutionNode = FALSE
	EndGlobalSection
	GlobalSection(ExtensibilityGlobals) = postSolution
		SolutionGuid = {67EF54F3-A1ED-48C8-A2B4-AD5E68148376}
	EndGlobalSection
EndGlobal
