<?xml version="1.0" encoding="utf-8"?>
<Project ToolsVersion="4.0" xmlns="http://schemas.microsoft.com/developer/msbuild/2003">
  <ItemGroup>
    <Filter Include="Source Files">
      <UniqueIdentifier>{4FC737F1-C7A5-4376-A066-2A32D752A2FF}</UniqueIdentifier>
      <Extensions>cpp;c;cc;cxx;def;odl;idl;hpj;bat;asm;asmx</Extensions>
    </Filter>
    <Filter Include="Header Files">
      <UniqueIdentifier>{93995380-89BD-4b04-88EB-625FBE52EBFB}</UniqueIdentifier>
      <Extensions>h;hh;hpp;hxx;hm;inl;inc;ipp;xsd</Extensions>
    </Filter>
    <Filter Include="Kernels">
      <UniqueIdentifier>{240ae7c4-1f43-42f7-9bca-e7ebe6c3b93a}</UniqueIdentifier>
    </Filter>
  </ItemGroup>
  <ItemGroup>
    <ClCompile Include="Galaxy.cpp">
      <Filter>Source Files</Filter>
    </ClCompile>
    <ClCompile Include="Main.cpp">
      <Filter>Source Files</Filter>
    </ClCompile>
    <ClCompile Include="Mesh.cpp">
      <Filter>Source Files</Filter>
    </ClCompile>
    <ClCompile Include="QuadTree.cpp">
      <Filter>Source Files</Filter>
    </ClCompile>
    <ClCompile Include="Shader.cpp">
      <Filter>Source Files</Filter>
    </ClCompile>
    <ClCompile Include="Universe.cpp">
      <Filter>Source Files</Filter>
    </ClCompile>
    <ClCompile Include="UniverseSim.cpp">
      <Filter>Source Files</Filter>
    </ClCompile>
    <ClCompile Include="OpenCLHelper.cpp">
      <Filter>Source Files</Filter>
    </ClCompile>
    <ClCompile Include="Kernel.cpp">
      <Filter>Source Files</Filter>
    </ClCompile>
  </ItemGroup>
  <ItemGroup>
    <ClInclude Include="Common.h">
      <Filter>Header Files</Filter>
    </ClInclude>
    <ClInclude Include="Constants.h">
      <Filter>Header Files</Filter>
    </ClInclude>
    <ClInclude Include="Galaxy.h">
      <Filter>Header Files</Filter>
    </ClInclude>
    <ClInclude Include="Mesh.h">
      <Filter>Header Files</Filter>
    </ClInclude>
    <ClInclude Include="QuadTree.h">
      <Filter>Header Files</Filter>
    </ClInclude>
    <ClInclude Include="Shader.h">
      <Filter>Header Files</Filter>
    </ClInclude>
    <ClInclude Include="Types.h">
      <Filter>Header Files</Filter>
    </ClInclude>
    <ClInclude Include="Universe.h">
      <Filter>Header Files</Filter>
    </ClInclude>
    <ClInclude Include="UniverseSim.h">
      <Filter>Header Files</Filter>
    </ClInclude>
    <ClInclude Include="OpenCLHelper.h">
      <Filter>Header Files</Filter>
    </ClInclude>
    <ClInclude Include="Kernel.h">
      <Filter>Header Files</Filter>
    </ClInclude>
  </ItemGroup>
  <ItemGroup>
    <None Include="integrate.cl">
      <Filter>Kernels</Filter>
    </None>
    <None Include="computeForce.cl">
      <Filter>Kernels</Filter>
    </None>
    <None Include="minMax.cl">
      <Filter>Kernels</Filter>
    </None>
  </ItemGroup>
</Project>